// !$*UTF8*$!
{
	archiveVersion = 1;
	classes = {
	};
	objectVersion = 56;
	objects = {

/* Begin PBXBuildFile section */
		398C0EAD2BCFFB2000CCE781 /* GigDetailViewController.swift in Sources */ = {isa = PBXBuildFile; fileRef = 398C0EAC2BCFFB2000CCE781 /* GigDetailViewController.swift */; };
		398C0EB02BCFFFAD00CCE781 /* Gig.swift in Sources */ = {isa = PBXBuildFile; fileRef = 398C0EAF2BCFFFAD00CCE781 /* Gig.swift */; };
		398C0EB32BD015C600CCE781 /* GigController.swift in Sources */ = {isa = PBXBuildFile; fileRef = 398C0EB22BD015C600CCE781 /* GigController.swift */; };
		3991F83A2BCD9FBE0057CE34 /* AppDelegate.swift in Sources */ = {isa = PBXBuildFile; fileRef = 3991F8392BCD9FBE0057CE34 /* AppDelegate.swift */; };
		3991F83C2BCD9FBE0057CE34 /* SceneDelegate.swift in Sources */ = {isa = PBXBuildFile; fileRef = 3991F83B2BCD9FBE0057CE34 /* SceneDelegate.swift */; };
		3991F8412BCD9FBE0057CE34 /* Base in Resources */ = {isa = PBXBuildFile; fileRef = 3991F8402BCD9FBE0057CE34 /* Base */; };
		3991F8432BCD9FC10057CE34 /* Assets.xcassets in Resources */ = {isa = PBXBuildFile; fileRef = 3991F8422BCD9FC10057CE34 /* Assets.xcassets */; };
		3991F8462BCD9FC10057CE34 /* Base in Resources */ = {isa = PBXBuildFile; fileRef = 3991F8452BCD9FC10057CE34 /* Base */; };
		3991F8552BCDCD670057CE34 /* GigsTableViewController.swift in Sources */ = {isa = PBXBuildFile; fileRef = 3991F8542BCDCD670057CE34 /* GigsTableViewController.swift */; };
		3991F8572BCDD3D50057CE34 /* LoginViewController.swift in Sources */ = {isa = PBXBuildFile; fileRef = 3991F8562BCDD3D50057CE34 /* LoginViewController.swift */; };
		3991F8592BCDD5500057CE34 /* Bearer.swift in Sources */ = {isa = PBXBuildFile; fileRef = 3991F8582BCDD5500057CE34 /* Bearer.swift */; };
		3991F85B2BCDD6710057CE34 /* User.swift in Sources */ = {isa = PBXBuildFile; fileRef = 3991F85A2BCDD6710057CE34 /* User.swift */; };
		3991F85D2BCDD7160057CE34 /* AuthController.swift in Sources */ = {isa = PBXBuildFile; fileRef = 3991F85C2BCDD7160057CE34 /* AuthController.swift */; };
		3991F85F2BCDDAB10057CE34 /* HTTPMethod.swift in Sources */ = {isa = PBXBuildFile; fileRef = 3991F85E2BCDDAB10057CE34 /* HTTPMethod.swift */; };
/* End PBXBuildFile section */

/* Begin PBXFileReference section */
		398C0EAC2BCFFB2000CCE781 /* GigDetailViewController.swift */ = {isa = PBXFileReference; lastKnownFileType = sourcecode.swift; path = GigDetailViewController.swift; sourceTree = "<group>"; };
		398C0EAF2BCFFFAD00CCE781 /* Gig.swift */ = {isa = PBXFileReference; lastKnownFileType = sourcecode.swift; path = Gig.swift; sourceTree = "<group>"; };
		398C0EB22BD015C600CCE781 /* GigController.swift */ = {isa = PBXFileReference; lastKnownFileType = sourcecode.swift; path = GigController.swift; sourceTree = "<group>"; };
		3991F8362BCD9FBE0057CE34 /* Gigs.app */ = {isa = PBXFileReference; explicitFileType = wrapper.application; includeInIndex = 0; path = Gigs.app; sourceTree = BUILT_PRODUCTS_DIR; };
		3991F8392BCD9FBE0057CE34 /* AppDelegate.swift */ = {isa = PBXFileReference; lastKnownFileType = sourcecode.swift; path = AppDelegate.swift; sourceTree = "<group>"; };
		3991F83B2BCD9FBE0057CE34 /* SceneDelegate.swift */ = {isa = PBXFileReference; lastKnownFileType = sourcecode.swift; path = SceneDelegate.swift; sourceTree = "<group>"; };
		3991F8402BCD9FBE0057CE34 /* Base */ = {isa = PBXFileReference; lastKnownFileType = file.storyboard; name = Base; path = Base.lproj/Main.storyboard; sourceTree = "<group>"; };
		3991F8422BCD9FC10057CE34 /* Assets.xcassets */ = {isa = PBXFileReference; lastKnownFileType = folder.assetcatalog; path = Assets.xcassets; sourceTree = "<group>"; };
		3991F8452BCD9FC10057CE34 /* Base */ = {isa = PBXFileReference; lastKnownFileType = file.storyboard; name = Base; path = Base.lproj/LaunchScreen.storyboard; sourceTree = "<group>"; };
		3991F8472BCD9FC10057CE34 /* Info.plist */ = {isa = PBXFileReference; lastKnownFileType = text.plist.xml; path = Info.plist; sourceTree = "<group>"; };
		3991F8542BCDCD670057CE34 /* GigsTableViewController.swift */ = {isa = PBXFileReference; lastKnownFileType = sourcecode.swift; path = GigsTableViewController.swift; sourceTree = "<group>"; };
		3991F8562BCDD3D50057CE34 /* LoginViewController.swift */ = {isa = PBXFileReference; lastKnownFileType = sourcecode.swift; path = LoginViewController.swift; sourceTree = "<group>"; };
		3991F8582BCDD5500057CE34 /* Bearer.swift */ = {isa = PBXFileReference; lastKnownFileType = sourcecode.swift; path = Bearer.swift; sourceTree = "<group>"; };
		3991F85A2BCDD6710057CE34 /* User.swift */ = {isa = PBXFileReference; lastKnownFileType = sourcecode.swift; path = User.swift; sourceTree = "<group>"; };
		3991F85C2BCDD7160057CE34 /* AuthController.swift */ = {isa = PBXFileReference; lastKnownFileType = sourcecode.swift; path = AuthController.swift; sourceTree = "<group>"; };
		3991F85E2BCDDAB10057CE34 /* HTTPMethod.swift */ = {isa = PBXFileReference; lastKnownFileType = sourcecode.swift; path = HTTPMethod.swift; sourceTree = "<group>"; };
/* End PBXFileReference section */

/* Begin PBXFrameworksBuildPhase section */
		3991F8332BCD9FBE0057CE34 /* Frameworks */ = {
			isa = PBXFrameworksBuildPhase;
			buildActionMask = 2147483647;
			files = (
			);
			runOnlyForDeploymentPostprocessing = 0;
		};
/* End PBXFrameworksBuildPhase section */

/* Begin PBXGroup section */
		398C0EAE2BCFFFA000CCE781 /* Models */ = {
			isa = PBXGroup;
			children = (
				398C0EAF2BCFFFAD00CCE781 /* Gig.swift */,
			);
			path = Models;
			sourceTree = "<group>";
		};
		398C0EB12BD015A700CCE781 /* Model Controllers */ = {
			isa = PBXGroup;
			children = (
				398C0EB22BD015C600CCE781 /* GigController.swift */,
			);
			path = "Model Controllers";
			sourceTree = "<group>";
		};
		3991F82D2BCD9FBE0057CE34 = {
			isa = PBXGroup;
			children = (
				3991F8382BCD9FBE0057CE34 /* Gigs */,
				3991F8372BCD9FBE0057CE34 /* Products */,
			);
			sourceTree = "<group>";
		};
		3991F8372BCD9FBE0057CE34 /* Products */ = {
			isa = PBXGroup;
			children = (
				3991F8362BCD9FBE0057CE34 /* Gigs.app */,
			);
			name = Products;
			sourceTree = "<group>";
		};
		3991F8382BCD9FBE0057CE34 /* Gigs */ = {
			isa = PBXGroup;
			children = (
				398C0EB12BD015A700CCE781 /* Model Controllers */,
				398C0EAE2BCFFFA000CCE781 /* Models */,
				3991F84D2BCDA0000057CE34 /* Application */,
				3991F8502BCDA0420057CE34 /* Authentication */,
				3991F8532BCDCD4F0057CE34 /* Views */,
				3991F8522BCDCD370057CE34 /* View Controllers */,
				3991F84F2BCDA0380057CE34 /* Main Storyboards */,
				3991F84E2BCDA01E0057CE34 /* Supporting Files */,
			);
			path = Gigs;
			sourceTree = "<group>";
		};
		3991F84D2BCDA0000057CE34 /* Application */ = {
			isa = PBXGroup;
			children = (
				3991F8392BCD9FBE0057CE34 /* AppDelegate.swift */,
				3991F83B2BCD9FBE0057CE34 /* SceneDelegate.swift */,
			);
			path = Application;
			sourceTree = "<group>";
		};
		3991F84E2BCDA01E0057CE34 /* Supporting Files */ = {
			isa = PBXGroup;
			children = (
				3991F8422BCD9FC10057CE34 /* Assets.xcassets */,
				3991F8472BCD9FC10057CE34 /* Info.plist */,
			);
			name = "Supporting Files";
			sourceTree = "<group>";
		};
		3991F84F2BCDA0380057CE34 /* Main Storyboards */ = {
			isa = PBXGroup;
			children = (
				3991F83F2BCD9FBE0057CE34 /* Main.storyboard */,
				3991F8442BCD9FC10057CE34 /* LaunchScreen.storyboard */,
			);
			path = "Main Storyboards";
			sourceTree = "<group>";
		};
		3991F8502BCDA0420057CE34 /* Authentication */ = {
			isa = PBXGroup;
			children = (
				3991F8512BCDA07E0057CE34 /* Models */,
				3991F85C2BCDD7160057CE34 /* AuthController.swift */,
				3991F8562BCDD3D50057CE34 /* LoginViewController.swift */,
			);
			path = Authentication;
			sourceTree = "<group>";
		};
		3991F8512BCDA07E0057CE34 /* Models */ = {
			isa = PBXGroup;
			children = (
				3991F8582BCDD5500057CE34 /* Bearer.swift */,
				3991F85A2BCDD6710057CE34 /* User.swift */,
				3991F85E2BCDDAB10057CE34 /* HTTPMethod.swift */,
			);
			path = Models;
			sourceTree = "<group>";
		};
		3991F8522BCDCD370057CE34 /* View Controllers */ = {
			isa = PBXGroup;
			children = (
				3991F8542BCDCD670057CE34 /* GigsTableViewController.swift */,
				398C0EAC2BCFFB2000CCE781 /* GigDetailViewController.swift */,
			);
			path = "View Controllers";
			sourceTree = "<group>";
		};
		3991F8532BCDCD4F0057CE34 /* Views */ = {
			isa = PBXGroup;
			children = (
			);
			path = Views;
			sourceTree = "<group>";
		};
/* End PBXGroup section */

/* Begin PBXNativeTarget section */
		3991F8352BCD9FBE0057CE34 /* Gigs */ = {
			isa = PBXNativeTarget;
			buildConfigurationList = 3991F84A2BCD9FC10057CE34 /* Build configuration list for PBXNativeTarget "Gigs" */;
			buildPhases = (
				3991F8322BCD9FBE0057CE34 /* Sources */,
				3991F8332BCD9FBE0057CE34 /* Frameworks */,
				3991F8342BCD9FBE0057CE34 /* Resources */,
			);
			buildRules = (
			);
			dependencies = (
			);
			name = Gigs;
			productName = Gigs;
			productReference = 3991F8362BCD9FBE0057CE34 /* Gigs.app */;
			productType = "com.apple.product-type.application";
		};
/* End PBXNativeTarget section */

/* Begin PBXProject section */
		3991F82E2BCD9FBE0057CE34 /* Project object */ = {
			isa = PBXProject;
			attributes = {
				BuildIndependentTargetsInParallel = 1;
				LastSwiftUpdateCheck = 1530;
				LastUpgradeCheck = 1530;
				ORGANIZATIONNAME = "Emani Computers and Support, LLC";
				TargetAttributes = {
					3991F8352BCD9FBE0057CE34 = {
						CreatedOnToolsVersion = 15.3;
					};
				};
			};
			buildConfigurationList = 3991F8312BCD9FBE0057CE34 /* Build configuration list for PBXProject "Gigs" */;
			compatibilityVersion = "Xcode 14.0";
			developmentRegion = en;
			hasScannedForEncodings = 0;
			knownRegions = (
				en,
				Base,
			);
			mainGroup = 3991F82D2BCD9FBE0057CE34;
			productRefGroup = 3991F8372BCD9FBE0057CE34 /* Products */;
			projectDirPath = "";
			projectRoot = "";
			targets = (
				3991F8352BCD9FBE0057CE34 /* Gigs */,
			);
		};
/* End PBXProject section */

/* Begin PBXResourcesBuildPhase section */
		3991F8342BCD9FBE0057CE34 /* Resources */ = {
			isa = PBXResourcesBuildPhase;
			buildActionMask = 2147483647;
			files = (
				3991F8432BCD9FC10057CE34 /* Assets.xcassets in Resources */,
				3991F8462BCD9FC10057CE34 /* Base in Resources */,
				3991F8412BCD9FBE0057CE34 /* Base in Resources */,
			);
			runOnlyForDeploymentPostprocessing = 0;
		};
/* End PBXResourcesBuildPhase section */

/* Begin PBXSourcesBuildPhase section */
		3991F8322BCD9FBE0057CE34 /* Sources */ = {
			isa = PBXSourcesBuildPhase;
			buildActionMask = 2147483647;
			files = (
				3991F8572BCDD3D50057CE34 /* LoginViewController.swift in Sources */,
				3991F83A2BCD9FBE0057CE34 /* AppDelegate.swift in Sources */,
				3991F85B2BCDD6710057CE34 /* User.swift in Sources */,
				3991F83C2BCD9FBE0057CE34 /* SceneDelegate.swift in Sources */,
				3991F85F2BCDDAB10057CE34 /* HTTPMethod.swift in Sources */,
				3991F8592BCDD5500057CE34 /* Bearer.swift in Sources */,
				398C0EAD2BCFFB2000CCE781 /* GigDetailViewController.swift in Sources */,
				3991F85D2BCDD7160057CE34 /* AuthController.swift in Sources */,
				3991F8552BCDCD670057CE34 /* GigsTableViewController.swift in Sources */,
				398C0EB02BCFFFAD00CCE781 /* Gig.swift in Sources */,
				398C0EB32BD015C600CCE781 /* GigController.swift in Sources */,
			);
			runOnlyForDeploymentPostprocessing = 0;
		};
/* End PBXSourcesBuildPhase section */

/* Begin PBXVariantGroup section */
		3991F83F2BCD9FBE0057CE34 /* Main.storyboard */ = {
			isa = PBXVariantGroup;
			children = (
				3991F8402BCD9FBE0057CE34 /* Base */,
			);
			name = Main.storyboard;
			sourceTree = "<group>";
		};
		3991F8442BCD9FC10057CE34 /* LaunchScreen.storyboard */ = {
			isa = PBXVariantGroup;
			children = (
				3991F8452BCD9FC10057CE34 /* Base */,
			);
			name = LaunchScreen.storyboard;
			sourceTree = "<group>";
		};
/* End PBXVariantGroup section */

/* Begin XCBuildConfiguration section */
		3991F8482BCD9FC10057CE34 /* Debug */ = {
			isa = XCBuildConfiguration;
			buildSettings = {
				ALWAYS_SEARCH_USER_PATHS = NO;
				ASSETCATALOG_COMPILER_GENERATE_SWIFT_ASSET_SYMBOL_EXTENSIONS = YES;
				CLANG_ANALYZER_NONNULL = YES;
				CLANG_ANALYZER_NUMBER_OBJECT_CONVERSION = YES_AGGRESSIVE;
				CLANG_CXX_LANGUAGE_STANDARD = "gnu++20";
				CLANG_ENABLE_MODULES = YES;
				CLANG_ENABLE_OBJC_ARC = YES;
				CLANG_ENABLE_OBJC_WEAK = YES;
				CLANG_WARN_BLOCK_CAPTURE_AUTORELEASING = YES;
				CLANG_WARN_BOOL_CONVERSION = YES;
				CLANG_WARN_COMMA = YES;
				CLANG_WARN_CONSTANT_CONVERSION = YES;
				CLANG_WARN_DEPRECATED_OBJC_IMPLEMENTATIONS = YES;
				CLANG_WARN_DIRECT_OBJC_ISA_USAGE = YES_ERROR;
				CLANG_WARN_DOCUMENTATION_COMMENTS = YES;
				CLANG_WARN_EMPTY_BODY = YES;
				CLANG_WARN_ENUM_CONVERSION = YES;
				CLANG_WARN_INFINITE_RECURSION = YES;
				CLANG_WARN_INT_CONVERSION = YES;
				CLANG_WARN_NON_LITERAL_NULL_CONVERSION = YES;
				CLANG_WARN_OBJC_IMPLICIT_RETAIN_SELF = YES;
				CLANG_WARN_OBJC_LITERAL_CONVERSION = YES;
				CLANG_WARN_OBJC_ROOT_CLASS = YES_ERROR;
				CLANG_WARN_QUOTED_INCLUDE_IN_FRAMEWORK_HEADER = YES;
				CLANG_WARN_RANGE_LOOP_ANALYSIS = YES;
				CLANG_WARN_STRICT_PROTOTYPES = YES;
				CLANG_WARN_SUSPICIOUS_MOVE = YES;
				CLANG_WARN_UNGUARDED_AVAILABILITY = YES_AGGRESSIVE;
				CLANG_WARN_UNREACHABLE_CODE = YES;
				CLANG_WARN__DUPLICATE_METHOD_MATCH = YES;
				COPY_PHASE_STRIP = NO;
				DEBUG_INFORMATION_FORMAT = dwarf;
				ENABLE_STRICT_OBJC_MSGSEND = YES;
				ENABLE_TESTABILITY = YES;
				ENABLE_USER_SCRIPT_SANDBOXING = YES;
				GCC_C_LANGUAGE_STANDARD = gnu17;
				GCC_DYNAMIC_NO_PIC = NO;
				GCC_NO_COMMON_BLOCKS = YES;
				GCC_OPTIMIZATION_LEVEL = 0;
				GCC_PREPROCESSOR_DEFINITIONS = (
					"DEBUG=1",
					"$(inherited)",
				);
				GCC_WARN_64_TO_32_BIT_CONVERSION = YES;
				GCC_WARN_ABOUT_RETURN_TYPE = YES_ERROR;
				GCC_WARN_UNDECLARED_SELECTOR = YES;
				GCC_WARN_UNINITIALIZED_AUTOS = YES_AGGRESSIVE;
				GCC_WARN_UNUSED_FUNCTION = YES;
				GCC_WARN_UNUSED_VARIABLE = YES;
				IPHONEOS_DEPLOYMENT_TARGET = 17.4;
				LOCALIZATION_PREFERS_STRING_CATALOGS = YES;
				MTL_ENABLE_DEBUG_INFO = INCLUDE_SOURCE;
				MTL_FAST_MATH = YES;
				ONLY_ACTIVE_ARCH = YES;
				SDKROOT = iphoneos;
				SWIFT_ACTIVE_COMPILATION_CONDITIONS = "DEBUG $(inherited)";
				SWIFT_OPTIMIZATION_LEVEL = "-Onone";
			};
			name = Debug;
		};
		3991F8492BCD9FC10057CE34 /* Release */ = {
			isa = XCBuildConfiguration;
			buildSettings = {
				ALWAYS_SEARCH_USER_PATHS = NO;
				ASSETCATALOG_COMPILER_GENERATE_SWIFT_ASSET_SYMBOL_EXTENSIONS = YES;
				CLANG_ANALYZER_NONNULL = YES;
				CLANG_ANALYZER_NUMBER_OBJECT_CONVERSION = YES_AGGRESSIVE;
				CLANG_CXX_LANGUAGE_STANDARD = "gnu++20";
				CLANG_ENABLE_MODULES = YES;
				CLANG_ENABLE_OBJC_ARC = YES;
				CLANG_ENABLE_OBJC_WEAK = YES;
				CLANG_WARN_BLOCK_CAPTURE_AUTORELEASING = YES;
				CLANG_WARN_BOOL_CONVERSION = YES;
				CLANG_WARN_COMMA = YES;
				CLANG_WARN_CONSTANT_CONVERSION = YES;
				CLANG_WARN_DEPRECATED_OBJC_IMPLEMENTATIONS = YES;
				CLANG_WARN_DIRECT_OBJC_ISA_USAGE = YES_ERROR;
				CLANG_WARN_DOCUMENTATION_COMMENTS = YES;
				CLANG_WARN_EMPTY_BODY = YES;
				CLANG_WARN_ENUM_CONVERSION = YES;
				CLANG_WARN_INFINITE_RECURSION = YES;
				CLANG_WARN_INT_CONVERSION = YES;
				CLANG_WARN_NON_LITERAL_NULL_CONVERSION = YES;
				CLANG_WARN_OBJC_IMPLICIT_RETAIN_SELF = YES;
				CLANG_WARN_OBJC_LITERAL_CONVERSION = YES;
				CLANG_WARN_OBJC_ROOT_CLASS = YES_ERROR;
				CLANG_WARN_QUOTED_INCLUDE_IN_FRAMEWORK_HEADER = YES;
				CLANG_WARN_RANGE_LOOP_ANALYSIS = YES;
				CLANG_WARN_STRICT_PROTOTYPES = YES;
				CLANG_WARN_SUSPICIOUS_MOVE = YES;
				CLANG_WARN_UNGUARDED_AVAILABILITY = YES_AGGRESSIVE;
				CLANG_WARN_UNREACHABLE_CODE = YES;
				CLANG_WARN__DUPLICATE_METHOD_MATCH = YES;
				COPY_PHASE_STRIP = NO;
				DEBUG_INFORMATION_FORMAT = "dwarf-with-dsym";
				ENABLE_NS_ASSERTIONS = NO;
				ENABLE_STRICT_OBJC_MSGSEND = YES;
				ENABLE_USER_SCRIPT_SANDBOXING = YES;
				GCC_C_LANGUAGE_STANDARD = gnu17;
				GCC_NO_COMMON_BLOCKS = YES;
				GCC_WARN_64_TO_32_BIT_CONVERSION = YES;
				GCC_WARN_ABOUT_RETURN_TYPE = YES_ERROR;
				GCC_WARN_UNDECLARED_SELECTOR = YES;
				GCC_WARN_UNINITIALIZED_AUTOS = YES_AGGRESSIVE;
				GCC_WARN_UNUSED_FUNCTION = YES;
				GCC_WARN_UNUSED_VARIABLE = YES;
				IPHONEOS_DEPLOYMENT_TARGET = 17.4;
				LOCALIZATION_PREFERS_STRING_CATALOGS = YES;
				MTL_ENABLE_DEBUG_INFO = NO;
				MTL_FAST_MATH = YES;
				SDKROOT = iphoneos;
				SWIFT_COMPILATION_MODE = wholemodule;
				VALIDATE_PRODUCT = YES;
			};
			name = Release;
		};
		3991F84B2BCD9FC10057CE34 /* Debug */ = {
			isa = XCBuildConfiguration;
			buildSettings = {
				ASSETCATALOG_COMPILER_APPICON_NAME = AppIcon;
				ASSETCATALOG_COMPILER_GLOBAL_ACCENT_COLOR_NAME = AccentColor;
				CODE_SIGN_STYLE = Automatic;
				CURRENT_PROJECT_VERSION = 1;
				DEVELOPMENT_TEAM = 59UTM5MEK9;
				GENERATE_INFOPLIST_FILE = YES;
				INFOPLIST_FILE = Gigs/Info.plist;
				INFOPLIST_KEY_CFBundleDisplayName = Gigs;
				INFOPLIST_KEY_UIApplicationSupportsIndirectInputEvents = YES;
				INFOPLIST_KEY_UILaunchStoryboardName = LaunchScreen;
				INFOPLIST_KEY_UIMainStoryboardFile = Main;
				INFOPLIST_KEY_UISupportedInterfaceOrientations_iPad = "UIInterfaceOrientationPortrait UIInterfaceOrientationPortraitUpsideDown UIInterfaceOrientationLandscapeLeft UIInterfaceOrientationLandscapeRight";
				INFOPLIST_KEY_UISupportedInterfaceOrientations_iPhone = "UIInterfaceOrientationPortrait UIInterfaceOrientationLandscapeLeft UIInterfaceOrientationLandscapeRight";
				LD_RUNPATH_SEARCH_PATHS = (
					"$(inherited)",
					"@executable_path/Frameworks",
				);
				MARKETING_VERSION = 1.0;
				PRODUCT_BUNDLE_IDENTIFIER = com.emanicomputers.Gigs;
				PRODUCT_NAME = "$(TARGET_NAME)";
				SUPPORTED_PLATFORMS = "iphoneos iphonesimulator";
				SUPPORTS_MACCATALYST = NO;
				SUPPORTS_MAC_DESIGNED_FOR_IPHONE_IPAD = NO;
				SUPPORTS_XR_DESIGNED_FOR_IPHONE_IPAD = NO;
				SWIFT_EMIT_LOC_STRINGS = YES;
				SWIFT_VERSION = 5.0;
				TARGETED_DEVICE_FAMILY = "1,2";
			};
			name = Debug;
		};
		3991F84C2BCD9FC10057CE34 /* Release */ = {
			isa = XCBuildConfiguration;
			buildSettings = {
				ASSETCATALOG_COMPILER_APPICON_NAME = AppIcon;
				ASSETCATALOG_COMPILER_GLOBAL_ACCENT_COLOR_NAME = AccentColor;
				CODE_SIGN_STYLE = Automatic;
				CURRENT_PROJECT_VERSION = 1;
				DEVELOPMENT_TEAM = 59UTM5MEK9;
				GENERATE_INFOPLIST_FILE = YES;
				INFOPLIST_FILE = Gigs/Info.plist;
				INFOPLIST_KEY_CFBundleDisplayName = Gigs;
				INFOPLIST_KEY_UIApplicationSupportsIndirectInputEvents = YES;
				INFOPLIST_KEY_UILaunchStoryboardName = LaunchScreen;
				INFOPLIST_KEY_UIMainStoryboardFile = Main;
				INFOPLIST_KEY_UISupportedInterfaceOrientations_iPad = "UIInterfaceOrientationPortrait UIInterfaceOrientationPortraitUpsideDown UIInterfaceOrientationLandscapeLeft UIInterfaceOrientationLandscapeRight";
				INFOPLIST_KEY_UISupportedInterfaceOrientations_iPhone = "UIInterfaceOrientationPortrait UIInterfaceOrientationLandscapeLeft UIInterfaceOrientationLandscapeRight";
				LD_RUNPATH_SEARCH_PATHS = (
					"$(inherited)",
					"@executable_path/Frameworks",
				);
				MARKETING_VERSION = 1.0;
				PRODUCT_BUNDLE_IDENTIFIER = com.emanicomputers.Gigs;
				PRODUCT_NAME = "$(TARGET_NAME)";
				SUPPORTED_PLATFORMS = "iphoneos iphonesimulator";
				SUPPORTS_MACCATALYST = NO;
				SUPPORTS_MAC_DESIGNED_FOR_IPHONE_IPAD = NO;
				SUPPORTS_XR_DESIGNED_FOR_IPHONE_IPAD = NO;
				SWIFT_EMIT_LOC_STRINGS = YES;
				SWIFT_VERSION = 5.0;
				TARGETED_DEVICE_FAMILY = "1,2";
			};
			name = Release;
		};
/* End XCBuildConfiguration section */

/* Begin XCConfigurationList section */
		3991F8312BCD9FBE0057CE34 /* Build configuration list for PBXProject "Gigs" */ = {
			isa = XCConfigurationList;
			buildConfigurations = (
				3991F8482BCD9FC10057CE34 /* Debug */,
				3991F8492BCD9FC10057CE34 /* Release */,
			);
			defaultConfigurationIsVisible = 0;
			defaultConfigurationName = Release;
		};
		3991F84A2BCD9FC10057CE34 /* Build configuration list for PBXNativeTarget "Gigs" */ = {
			isa = XCConfigurationList;
			buildConfigurations = (
				3991F84B2BCD9FC10057CE34 /* Debug */,
				3991F84C2BCD9FC10057CE34 /* Release */,
			);
			defaultConfigurationIsVisible = 0;
			defaultConfigurationName = Release;
		};
/* End XCConfigurationList section */
	};
	rootObject = 3991F82E2BCD9FBE0057CE34 /* Project object */;
}
